
Microsoft Visual Studio Solution File, Format Version 12.00
# Visual Studio Version 16
VisualStudioVersion = 16.0.31729.503
MinimumVisualStudioVersion = 10.0.40219.1
Project("{FAE04EC0-301F-11D3-BF4B-00C04F79EFBC}") = "RewriteGenerator", "RewriteGenerator\RewriteGenerator.csproj", "{216D0483-2F83-4300-9631-826F79CE1A6B}"
EndProject
Global
	GlobalSection(SolutionConfigurationPlatforms) = preSolution
		Debug|Any CPU = Debug|Any CPU
		Release|Any CPU = Release|Any CPU
	EndGlobalSection
	GlobalSection(ProjectConfigurationPlatforms) = postSolution
		{216D0483-2F83-4300-9631-826F79CE1A6B}.Debug|Any CPU.ActiveCfg = Debug|Any CPU
		{216D0483-2F83-4300-9631-826F79CE1A6B}.Debug|Any CPU.Build.0 = Debug|Any CPU
		{216D0483-2F83-4300-9631-826F79CE1A6B}.Release|Any CPU.ActiveCfg = Release|Any CPU
		{216D0483-2F83-4300-9631-826F79CE1A6B}.Release|Any CPU.Build.0 = Release|Any CPU
	EndGlobalSection
	GlobalSection(SolutionProperties) = preSolution
		HideSolutionNode = FALSE
	EndGlobalSection
	GlobalSection(ExtensibilityGlobals) = postSolution
		SolutionGuid = {249BEEEC-5721-4913-BFB0-6D3BD57D05A5}
	EndGlobalSection
EndGlobal
